Microsoft Visual Studio Solution File, Format Version 12.00
# Visual Studio Version 17
VisualStudioVersion = 17.5.2.0
MinimumVisualStudioVersion = 10.0.40219.1
Project("{2150E333-8FDC-42A3-9474-1A3956D46DE8}") = "sam-installation", "sam-installation", "{854CF25F-3932-B58F-A137-64FBE2837509}"
EndProject
Project("{2150E333-8FDC-42A3-9474-1A3956D46DE8}") = "aws-sam-cli-src", "aws-sam-cli-src", "{D1045ED9-50A7-19DB-43EE-8352E0521012}"
EndProject
Project("{2150E333-8FDC-42A3-9474-1A3956D46DE8}") = "samcli", "samcli", "{51F49C50-A611-79A8-C1F9-BD3040A0FEC0}"
EndProject
Project("{2150E333-8FDC-42A3-9474-1A3956D46DE8}") = "lib", "lib", "{62E764F7-91D1-FDDE-CD93-420FE0427DFD}"
EndProject
Project("{2150E333-8FDC-42A3-9474-1A3956D46DE8}") = "init", "init", "{85F1E988-BF58-2EA5-2881-0130995BC582}"
EndProject
Project("{2150E333-8FDC-42A3-9474-1A3956D46DE8}") = "templates", "templates", "{5DA483CD-94FF-541E-CD79-349FD6A0FF41}"
EndProject
Project("{2150E333-8FDC-42A3-9474-1A3956D46DE8}") = "cookiecutter-aws-sam-hello-dotnet", "cookiecutter-aws-sam-hello-dotnet", "{64D0689F-DF44-D649-C03A-EA9641C07D12}"
EndProject
Project("{2150E333-8FDC-42A3-9474-1A3956D46DE8}") = "{{cookiecutter.project_name}}", "{{cookiecutter.project_name}}", "{FCA9D8BB-ECD0-269F-6549-CD1E26CA076A}"
EndProject
Project("{2150E333-8FDC-42A3-9474-1A3956D46DE8}") = "test", "test", "{F01FCFE2-A3A2-373F-548A-9A1D2368FF61}"
EndProject
Project("{FAE04EC0-301F-11D3-BF4B-00C04F79EFBC}") = "HelloWorld.Tests", "sam-installation\aws-sam-cli-src\samcli\lib\init\templates\cookiecutter-aws-sam-hello-dotnet\{{cookiecutter.project_name}}\test\HelloWorld.Test\HelloWorld.Tests.csproj", "{4FE66E2B-B0C0-9E5E-7AE7-F93FE3DA1A6D}"
EndProject
Project("{2150E333-8FDC-42A3-9474-1A3956D46DE8}") = "src", "src", "{14DBFD1F-9FFD-5DCD-66FA-4C290E7E25B4}"
EndProject
Project("{FAE04EC0-301F-11D3-BF4B-00C04F79EFBC}") = "HelloWorld", "sam-installation\aws-sam-cli-src\samcli\lib\init\templates\cookiecutter-aws-sam-hello-dotnet\{{cookiecutter.project_name}}\src\HelloWorld\HelloWorld.csproj", "{9DBC41A3-F4F7-15EB-2461-BB8F5A151A77}"
EndProject
Project("{2150E333-8FDC-42A3-9474-1A3956D46DE8}") = "dist", "dist", "{2EED8417-1DB5-B6C2-F7AE-A33D6C362494}"
EndProject
Project("{2150E333-8FDC-42A3-9474-1A3956D46DE8}") = "_internal", "_internal", "{4C023C21-399C-7144-0016-DA69E3C8857F}"
EndProject
Project("{2150E333-8FDC-42A3-9474-1A3956D46DE8}") = "samcli", "samcli", "{2DE919CC-3B68-B2D0-FCE4-C68E70F59255}"
EndProject
Project("{2150E333-8FDC-42A3-9474-1A3956D46DE8}") = "lib", "lib", "{39172011-4A95-169C-D5B1-4EB382897E07}"
EndProject
Project("{2150E333-8FDC-42A3-9474-1A3956D46DE8}") = "init", "init", "{A2454F65-2E1F-FBF4-995C-41DB691DBFC3}"
EndProject
Project("{2150E333-8FDC-42A3-9474-1A3956D46DE8}") = "templates", "templates", "{B780EC66-B433-F1F1-6C4D-04E2637BB9EF}"
EndProject
Project("{2150E333-8FDC-42A3-9474-1A3956D46DE8}") = "cookiecutter-aws-sam-hello-dotnet", "cookiecutter-aws-sam-hello-dotnet", "{0BB6E5C1-E498-F2CE-72DD-48AE08780444}"
EndProject
Project("{2150E333-8FDC-42A3-9474-1A3956D46DE8}") = "{{cookiecutter.project_name}}", "{{cookiecutter.project_name}}", "{0B385107-758E-66A2-E241-D03C51238B25}"
EndProject
Project("{2150E333-8FDC-42A3-9474-1A3956D46DE8}") = "test", "test", "{83D6EB7C-6586-7AF6-4DF3-0FBB36732062}"
EndProject
Project("{FAE04EC0-301F-11D3-BF4B-00C04F79EFBC}") = "HelloWorld.Tests", "sam-installation\dist\_internal\samcli\lib\init\templates\cookiecutter-aws-sam-hello-dotnet\{{cookiecutter.project_name}}\test\HelloWorld.Test\HelloWorld.Tests.csproj", "{D2F1DB77-D042-2CDE-F88A-AA2D0DC16013}"
EndProject
Project("{2150E333-8FDC-42A3-9474-1A3956D46DE8}") = "src", "src", "{2116CCD8-FB71-EF16-FFA8-158CB3CC6DA7}"
EndProject
Project("{FAE04EC0-301F-11D3-BF4B-00C04F79EFBC}") = "HelloWorld", "sam-installation\dist\_internal\samcli\lib\init\templates\cookiecutter-aws-sam-hello-dotnet\{{cookiecutter.project_name}}\src\HelloWorld\HelloWorld.csproj", "{3A50DE63-9F84-CD32-C91B-BD327053656A}"
EndProject
Global
	GlobalSection(SolutionConfigurationPlatforms) = preSolution
		Debug|Any CPU = Debug|Any CPU
		Release|Any CPU = Release|Any CPU
	EndGlobalSection
	GlobalSection(ProjectConfigurationPlatforms) = postSolution
		{4FE66E2B-B0C0-9E5E-7AE7-F93FE3DA1A6D}.Debug|Any CPU.ActiveCfg = Debug|Any CPU
		{4FE66E2B-B0C0-9E5E-7AE7-F93FE3DA1A6D}.Debug|Any CPU.Build.0 = Debug|Any CPU
		{4FE66E2B-B0C0-9E5E-7AE7-F93FE3DA1A6D}.Release|Any CPU.ActiveCfg = Release|Any CPU
		{4FE66E2B-B0C0-9E5E-7AE7-F93FE3DA1A6D}.Release|Any CPU.Build.0 = Release|Any CPU
		{9DBC41A3-F4F7-15EB-2461-BB8F5A151A77}.Debug|Any CPU.ActiveCfg = Debug|Any CPU
		{9DBC41A3-F4F7-15EB-2461-BB8F5A151A77}.Debug|Any CPU.Build.0 = Debug|Any CPU
		{9DBC41A3-F4F7-15EB-2461-BB8F5A151A77}.Release|Any CPU.ActiveCfg = Release|Any CPU
		{9DBC41A3-F4F7-15EB-2461-BB8F5A151A77}.Release|Any CPU.Build.0 = Release|Any CPU
		{D2F1DB77-D042-2CDE-F88A-AA2D0DC16013}.Debug|Any CPU.ActiveCfg = Debug|Any CPU
		{D2F1DB77-D042-2CDE-F88A-AA2D0DC16013}.Debug|Any CPU.Build.0 = Debug|Any CPU
		{D2F1DB77-D042-2CDE-F88A-AA2D0DC16013}.Release|Any CPU.ActiveCfg = Release|Any CPU
		{D2F1DB77-D042-2CDE-F88A-AA2D0DC16013}.Release|Any CPU.Build.0 = Release|Any CPU
		{3A50DE63-9F84-CD32-C91B-BD327053656A}.Debug|Any CPU.ActiveCfg = Debug|Any CPU
		{3A50DE63-9F84-CD32-C91B-BD327053656A}.Debug|Any CPU.Build.0 = Debug|Any CPU
		{3A50DE63-9F84-CD32-C91B-BD327053656A}.Release|Any CPU.ActiveCfg = Release|Any CPU
		{3A50DE63-9F84-CD32-C91B-BD327053656A}.Release|Any CPU.Build.0 = Release|Any CPU
	EndGlobalSection
	GlobalSection(SolutionProperties) = preSolution
		HideSolutionNode = FALSE
	EndGlobalSection
	GlobalSection(NestedProjects) = preSolution
		{D1045ED9-50A7-19DB-43EE-8352E0521012} = {854CF25F-3932-B58F-A137-64FBE2837509}
		{51F49C50-A611-79A8-C1F9-BD3040A0FEC0} = {D1045ED9-50A7-19DB-43EE-8352E0521012}
		{62E764F7-91D1-FDDE-CD93-420FE0427DFD} = {51F49C50-A611-79A8-C1F9-BD3040A0FEC0}
		{85F1E988-BF58-2EA5-2881-0130995BC582} = {62E764F7-91D1-FDDE-CD93-420FE0427DFD}
		{5DA483CD-94FF-541E-CD79-349FD6A0FF41} = {85F1E988-BF58-2EA5-2881-0130995BC582}
		{64D0689F-DF44-D649-C03A-EA9641C07D12} = {5DA483CD-94FF-541E-CD79-349FD6A0FF41}
		{FCA9D8BB-ECD0-269F-6549-CD1E26CA076A} = {64D0689F-DF44-D649-C03A-EA9641C07D12}
		{F01FCFE2-A3A2-373F-548A-9A1D2368FF61} = {FCA9D8BB-ECD0-269F-6549-CD1E26CA076A}
		{4FE66E2B-B0C0-9E5E-7AE7-F93FE3DA1A6D} = {F01FCFE2-A3A2-373F-548A-9A1D2368FF61}
		{14DBFD1F-9FFD-5DCD-66FA-4C290E7E25B4} = {FCA9D8BB-ECD0-269F-6549-CD1E26CA076A}
		{9DBC41A3-F4F7-15EB-2461-BB8F5A151A77} = {14DBFD1F-9FFD-5DCD-66FA-4C290E7E25B4}
		{2EED8417-1DB5-B6C2-F7AE-A33D6C362494} = {854CF25F-3932-B58F-A137-64FBE2837509}
		{4C023C21-399C-7144-0016-DA69E3C8857F} = {2EED8417-1DB5-B6C2-F7AE-A33D6C362494}
		{2DE919CC-3B68-B2D0-FCE4-C68E70F59255} = {4C023C21-399C-7144-0016-DA69E3C8857F}
		{39172011-4A95-169C-D5B1-4EB382897E07} = {2DE919CC-3B68-B2D0-FCE4-C68E70F59255}
		{A2454F65-2E1F-FBF4-995C-41DB691DBFC3} = {39172011-4A95-169C-D5B1-4EB382897E07}
		{B780EC66-B433-F1F1-6C4D-04E2637BB9EF} = {A2454F65-2E1F-FBF4-995C-41DB691DBFC3}
		{0BB6E5C1-E498-F2CE-72DD-48AE08780444} = {B780EC66-B433-F1F1-6C4D-04E2637BB9EF}
		{0B385107-758E-66A2-E241-D03C51238B25} = {0BB6E5C1-E498-F2CE-72DD-48AE08780444}
		{83D6EB7C-6586-7AF6-4DF3-0FBB36732062} = {0B385107-758E-66A2-E241-D03C51238B25}
		{D2F1DB77-D042-2CDE-F88A-AA2D0DC16013} = {83D6EB7C-6586-7AF6-4DF3-0FBB36732062}
		{2116CCD8-FB71-EF16-FFA8-158CB3CC6DA7} = {0B385107-758E-66A2-E241-D03C51238B25}
		{3A50DE63-9F84-CD32-C91B-BD327053656A} = {2116CCD8-FB71-EF16-FFA8-158CB3CC6DA7}
	EndGlobalSection
	GlobalSection(ExtensibilityGlobals) = postSolution
		SolutionGuid = {408563E7-3522-4E08-AD8A-A34652E1862A}
	EndGlobalSection
EndGlobal
